
Microsoft Visual Studio Solution File, Format Version 12.00
# Visual Studio Version 17
VisualStudioVersion = 17.2.32616.157
MinimumVisualStudioVersion = 10.0.40219.1
Project("{FAE04EC0-301F-11D3-BF4B-00C04F79EFBC}") = "Fahrzeug Telematik", "Fahrzeug Telematik\Fahrzeug Telematik.csproj", "{FFFA6E88-7325-4EF5-8292-984B13EED67D}"
EndProject
Global
	GlobalSection(SolutionConfigurationPlatforms) = preSolution
		Debug|Any CPU = Debug|Any CPU
		Release|Any CPU = Release|Any CPU
	EndGlobalSection
	GlobalSection(ProjectConfigurationPlatforms) = postSolution
		{FFFA6E88-7325-4EF5-8292-984B13EED67D}.Debug|Any CPU.ActiveCfg = Debug|Any CPU
		{FFFA6E88-7325-4EF5-8292-984B13EED67D}.Debug|Any CPU.Build.0 = Debug|Any CPU
		{FFFA6E88-7325-4EF5-8292-984B13EED67D}.Release|Any CPU.ActiveCfg = Release|Any CPU
		{FFFA6E88-7325-4EF5-8292-984B13EED67D}.Release|Any CPU.Build.0 = Release|Any CPU
	EndGlobalSection
	GlobalSection(SolutionProperties) = preSolution
		HideSolutionNode = FALSE
	EndGlobalSection
	GlobalSection(ExtensibilityGlobals) = postSolution
		SolutionGuid = {2B6794DB-E82A-462B-B1A1-11F4B656BBBF}
	EndGlobalSection
EndGlobal
